
Microsoft Visual Studio Solution File, Format Version 12.00
# Visual Studio Version 16
VisualStudioVersion = 16.0.810.13
MinimumVisualStudioVersion = 10.0.40219.1
Project("{FAE04EC0-301F-11D3-BF4B-00C04F79EFBC}") = "BookStore.API", "BookStore.API\BookStore.API.csproj", "{7F7A8CFB-4CBB-4104-8102-303D9979E8C4}"
EndProject
Project("{FAE04EC0-301F-11D3-BF4B-00C04F79EFBC}") = "BookStore.Services", "BookStore.Services\BookStore.Services.csproj", "{1CDA8AB6-D185-48B5-A9F1-95123FDB07C9}"
EndProject
Project("{FAE04EC0-301F-11D3-BF4B-00C04F79EFBC}") = "BookStore.Repository", "BookStore.Repository\BookStore.Repository.csproj", "{5659B8D2-6CE2-4A73-A1CA-B042C23B112D}"
EndProject
Project("{FAE04EC0-301F-11D3-BF4B-00C04F79EFBC}") = "BookStore.Data", "BookStore.Data\BookStore.Data.csproj", "{721B6260-10F1-4C82-BDC2-489AE41D5EA6}"
EndProject
Global
	GlobalSection(SolutionConfigurationPlatforms) = preSolution
		Debug|Any CPU = Debug|Any CPU
		Release|Any CPU = Release|Any CPU
	EndGlobalSection
	GlobalSection(ProjectConfigurationPlatforms) = postSolution
		{7F7A8CFB-4CBB-4104-8102-303D9979E8C4}.Debug|Any CPU.ActiveCfg = Debug|Any CPU
		{7F7A8CFB-4CBB-4104-8102-303D9979E8C4}.Debug|Any CPU.Build.0 = Debug|Any CPU
		{7F7A8CFB-4CBB-4104-8102-303D9979E8C4}.Release|Any CPU.ActiveCfg = Release|Any CPU
		{7F7A8CFB-4CBB-4104-8102-303D9979E8C4}.Release|Any CPU.Build.0 = Release|Any CPU
		{1CDA8AB6-D185-48B5-A9F1-95123FDB07C9}.Debug|Any CPU.ActiveCfg = Debug|Any CPU
		{1CDA8AB6-D185-48B5-A9F1-95123FDB07C9}.Debug|Any CPU.Build.0 = Debug|Any CPU
		{1CDA8AB6-D185-48B5-A9F1-95123FDB07C9}.Release|Any CPU.ActiveCfg = Release|Any CPU
		{1CDA8AB6-D185-48B5-A9F1-95123FDB07C9}.Release|Any CPU.Build.0 = Release|Any CPU
		{5659B8D2-6CE2-4A73-A1CA-B042C23B112D}.Debug|Any CPU.ActiveCfg = Debug|Any CPU
		{5659B8D2-6CE2-4A73-A1CA-B042C23B112D}.Debug|Any CPU.Build.0 = Debug|Any CPU
		{5659B8D2-6CE2-4A73-A1CA-B042C23B112D}.Release|Any CPU.ActiveCfg = Release|Any CPU
		{5659B8D2-6CE2-4A73-A1CA-B042C23B112D}.Release|Any CPU.Build.0 = Release|Any CPU
		{721B6260-10F1-4C82-BDC2-489AE41D5EA6}.Debug|Any CPU.ActiveCfg = Debug|Any CPU
		{721B6260-10F1-4C82-BDC2-489AE41D5EA6}.Debug|Any CPU.Build.0 = Debug|Any CPU
		{721B6260-10F1-4C82-BDC2-489AE41D5EA6}.Release|Any CPU.ActiveCfg = Release|Any CPU
		{721B6260-10F1-4C82-BDC2-489AE41D5EA6}.Release|Any CPU.Build.0 = Release|Any CPU
	EndGlobalSection
	GlobalSection(SolutionProperties) = preSolution
		HideSolutionNode = FALSE
	EndGlobalSection
	GlobalSection(ExtensibilityGlobals) = postSolution
		SolutionGuid = {E5FC2898-6480-43FF-95B2-338B68E54ECF}
	EndGlobalSection
EndGlobal
